
Microsoft Visual Studio Solution File, Format Version 12.00
# Visual Studio Version 17
VisualStudioVersion = 17.0.31903.59
MinimumVisualStudioVersion = 10.0.40219.1
Project("{FAE04EC0-301F-11D3-BF4B-00C04F79EFBC}") = "Domain", "Domain\Domain.csproj", "{B36F228D-8263-44AC-B257-B00E5F5922D0}"
EndProject
Project("{FAE04EC0-301F-11D3-BF4B-00C04F79EFBC}") = "Infrastructure", "Infrastructure\Infrastructure.csproj", "{7F8FD007-76BB-4583-920D-B2EC03D81BF2}"
EndProject
Project("{FAE04EC0-301F-11D3-BF4B-00C04F79EFBC}") = "WebApi", "WebApi\WebApi.csproj", "{93C67B4A-6849-43A3-B6E0-B7AF70D4044E}"
EndProject
Global
	GlobalSection(SolutionConfigurationPlatforms) = preSolution
		Debug|Any CPU = Debug|Any CPU
		Release|Any CPU = Release|Any CPU
	EndGlobalSection
	GlobalSection(SolutionProperties) = preSolution
		HideSolutionNode = FALSE
	EndGlobalSection
	GlobalSection(ProjectConfigurationPlatforms) = postSolution
		{B36F228D-8263-44AC-B257-B00E5F5922D0}.Debug|Any CPU.ActiveCfg = Debug|Any CPU
		{B36F228D-8263-44AC-B257-B00E5F5922D0}.Debug|Any CPU.Build.0 = Debug|Any CPU
		{B36F228D-8263-44AC-B257-B00E5F5922D0}.Release|Any CPU.ActiveCfg = Release|Any CPU
		{B36F228D-8263-44AC-B257-B00E5F5922D0}.Release|Any CPU.Build.0 = Release|Any CPU
		{7F8FD007-76BB-4583-920D-B2EC03D81BF2}.Debug|Any CPU.ActiveCfg = Debug|Any CPU
		{7F8FD007-76BB-4583-920D-B2EC03D81BF2}.Debug|Any CPU.Build.0 = Debug|Any CPU
		{7F8FD007-76BB-4583-920D-B2EC03D81BF2}.Release|Any CPU.ActiveCfg = Release|Any CPU
		{7F8FD007-76BB-4583-920D-B2EC03D81BF2}.Release|Any CPU.Build.0 = Release|Any CPU
		{93C67B4A-6849-43A3-B6E0-B7AF70D4044E}.Debug|Any CPU.ActiveCfg = Debug|Any CPU
		{93C67B4A-6849-43A3-B6E0-B7AF70D4044E}.Debug|Any CPU.Build.0 = Debug|Any CPU
		{93C67B4A-6849-43A3-B6E0-B7AF70D4044E}.Release|Any CPU.ActiveCfg = Release|Any CPU
		{93C67B4A-6849-43A3-B6E0-B7AF70D4044E}.Release|Any CPU.Build.0 = Release|Any CPU
	EndGlobalSection
EndGlobal
